
Microsoft Visual Studio Solution File, Format Version 12.00
# Visual Studio Version 17
VisualStudioVersion = 17.8.34330.188
MinimumVisualStudioVersion = 10.0.40219.1
Project("{F184B08F-C81C-45F6-A57F-5ABD9991F28F}") = "p4", "p4.vbproj", "{79AFB1AA-94AC-41AD-8B48-E7B5649ECA44}"
EndProject
Global
	GlobalSection(SolutionConfigurationPlatforms) = preSolution
		Debug|Any CPU = Debug|Any CPU
		Release|Any CPU = Release|Any CPU
	EndGlobalSection
	GlobalSection(ProjectConfigurationPlatforms) = postSolution
		{79AFB1AA-94AC-41AD-8B48-E7B5649ECA44}.Debug|Any CPU.ActiveCfg = Debug|Any CPU
		{79AFB1AA-94AC-41AD-8B48-E7B5649ECA44}.Debug|Any CPU.Build.0 = Debug|Any CPU
		{79AFB1AA-94AC-41AD-8B48-E7B5649ECA44}.Release|Any CPU.ActiveCfg = Release|Any CPU
		{79AFB1AA-94AC-41AD-8B48-E7B5649ECA44}.Release|Any CPU.Build.0 = Release|Any CPU
	EndGlobalSection
	GlobalSection(SolutionProperties) = preSolution
		HideSolutionNode = FALSE
	EndGlobalSection
	GlobalSection(ExtensibilityGlobals) = postSolution
		SolutionGuid = {2D1379A8-2E49-48D8-ADA0-490AEC89D0F0}
	EndGlobalSection
EndGlobal
